
Microsoft Visual Studio Solution File, Format Version 12.00
# Visual Studio Version 17
VisualStudioVersion = 17.5.33516.290
MinimumVisualStudioVersion = 10.0.40219.1
Project("{FAE04EC0-301F-11D3-BF4B-00C04F79EFBC}") = "Lobby", "Lobby\Lobby.csproj", "{D144EAB5-D72D-42E4-85E4-0A17E534457E}"
	ProjectSection(ProjectDependencies) = postProject
		{9E01C4C2-44E3-4953-A2F7-277F639E8D5D} = {9E01C4C2-44E3-4953-A2F7-277F639E8D5D}
	EndProjectSection
EndProject
Project("{FAE04EC0-301F-11D3-BF4B-00C04F79EFBC}") = "BattleshipsLibrary", "BattleshipsLibrary\BattleshipsLibrary.csproj", "{9E01C4C2-44E3-4953-A2F7-277F639E8D5D}"
EndProject
Global
	GlobalSection(SolutionConfigurationPlatforms) = preSolution
		Debug|Any CPU = Debug|Any CPU
		Release|Any CPU = Release|Any CPU
	EndGlobalSection
	GlobalSection(ProjectConfigurationPlatforms) = postSolution
		{D144EAB5-D72D-42E4-85E4-0A17E534457E}.Debug|Any CPU.ActiveCfg = Debug|Any CPU
		{D144EAB5-D72D-42E4-85E4-0A17E534457E}.Debug|Any CPU.Build.0 = Debug|Any CPU
		{D144EAB5-D72D-42E4-85E4-0A17E534457E}.Release|Any CPU.ActiveCfg = Release|Any CPU
		{D144EAB5-D72D-42E4-85E4-0A17E534457E}.Release|Any CPU.Build.0 = Release|Any CPU
		{9E01C4C2-44E3-4953-A2F7-277F639E8D5D}.Debug|Any CPU.ActiveCfg = Debug|Any CPU
		{9E01C4C2-44E3-4953-A2F7-277F639E8D5D}.Debug|Any CPU.Build.0 = Debug|Any CPU
		{9E01C4C2-44E3-4953-A2F7-277F639E8D5D}.Release|Any CPU.ActiveCfg = Release|Any CPU
		{9E01C4C2-44E3-4953-A2F7-277F639E8D5D}.Release|Any CPU.Build.0 = Release|Any CPU
	EndGlobalSection
	GlobalSection(SolutionProperties) = preSolution
		HideSolutionNode = FALSE
	EndGlobalSection
	GlobalSection(ExtensibilityGlobals) = postSolution
		SolutionGuid = {55BD3243-A186-41AA-9932-80132E2CEEC7}
	EndGlobalSection
EndGlobal
